
Microsoft Visual Studio Solution File, Format Version 12.00
# Visual Studio Version 17
VisualStudioVersion = 17.8.34330.188
MinimumVisualStudioVersion = 10.0.40219.1
Project("{9A19103F-16F7-4668-BE54-9A1E7A4F7556}") = "Phonebook.Core", "Phonebook.Core\Phonebook.Core.csproj", "{B2B0088E-4DC6-4BA3-A69E-E083899AB21C}"
EndProject
Project("{9A19103F-16F7-4668-BE54-9A1E7A4F7556}") = "Phonebook.BLL", "Phonebook.BLL\Phonebook.BLL.csproj", "{CDB087DB-5EC6-423F-A6DB-60D12E9B6808}"
EndProject
Project("{9A19103F-16F7-4668-BE54-9A1E7A4F7556}") = "Phonebook.Entities", "Phonebook.Entities\Phonebook.Entities.csproj", "{64058290-DFC6-4D6A-8DE9-FEA5C051BFD0}"
EndProject
Project("{FAE04EC0-301F-11D3-BF4B-00C04F79EFBC}") = "Phonebook.Windowsform", "Phonebook.Windowsform\Phonebook.Windowsform.csproj", "{AD66A258-CECA-4B63-BC5D-6E811B46EBA5}"
EndProject
Global
	GlobalSection(SolutionConfigurationPlatforms) = preSolution
		Debug|Any CPU = Debug|Any CPU
		Release|Any CPU = Release|Any CPU
	EndGlobalSection
	GlobalSection(ProjectConfigurationPlatforms) = postSolution
		{B2B0088E-4DC6-4BA3-A69E-E083899AB21C}.Debug|Any CPU.ActiveCfg = Debug|Any CPU
		{B2B0088E-4DC6-4BA3-A69E-E083899AB21C}.Debug|Any CPU.Build.0 = Debug|Any CPU
		{B2B0088E-4DC6-4BA3-A69E-E083899AB21C}.Release|Any CPU.ActiveCfg = Release|Any CPU
		{B2B0088E-4DC6-4BA3-A69E-E083899AB21C}.Release|Any CPU.Build.0 = Release|Any CPU
		{CDB087DB-5EC6-423F-A6DB-60D12E9B6808}.Debug|Any CPU.ActiveCfg = Debug|Any CPU
		{CDB087DB-5EC6-423F-A6DB-60D12E9B6808}.Debug|Any CPU.Build.0 = Debug|Any CPU
		{CDB087DB-5EC6-423F-A6DB-60D12E9B6808}.Release|Any CPU.ActiveCfg = Release|Any CPU
		{CDB087DB-5EC6-423F-A6DB-60D12E9B6808}.Release|Any CPU.Build.0 = Release|Any CPU
		{64058290-DFC6-4D6A-8DE9-FEA5C051BFD0}.Debug|Any CPU.ActiveCfg = Debug|Any CPU
		{64058290-DFC6-4D6A-8DE9-FEA5C051BFD0}.Debug|Any CPU.Build.0 = Debug|Any CPU
		{64058290-DFC6-4D6A-8DE9-FEA5C051BFD0}.Release|Any CPU.ActiveCfg = Release|Any CPU
		{64058290-DFC6-4D6A-8DE9-FEA5C051BFD0}.Release|Any CPU.Build.0 = Release|Any CPU
		{AD66A258-CECA-4B63-BC5D-6E811B46EBA5}.Debug|Any CPU.ActiveCfg = Debug|Any CPU
		{AD66A258-CECA-4B63-BC5D-6E811B46EBA5}.Debug|Any CPU.Build.0 = Debug|Any CPU
		{AD66A258-CECA-4B63-BC5D-6E811B46EBA5}.Release|Any CPU.ActiveCfg = Release|Any CPU
		{AD66A258-CECA-4B63-BC5D-6E811B46EBA5}.Release|Any CPU.Build.0 = Release|Any CPU
	EndGlobalSection
	GlobalSection(SolutionProperties) = preSolution
		HideSolutionNode = FALSE
	EndGlobalSection
	GlobalSection(ExtensibilityGlobals) = postSolution
		SolutionGuid = {7B5D9DDC-9F84-4C6B-ADE0-993009F064EA}
	EndGlobalSection
EndGlobal
